
Microsoft Visual Studio Solution File, Format Version 12.00
Project("{FAE04EC0-301F-11D3-BF4B-00C04F79EFBC}") = "Lexicanum", "Lexicanum\Lexicanum.csproj", "{BCD3A9EF-B447-4441-AD48-5FC11C19CC5B}"
EndProject
Global
	GlobalSection(SolutionConfigurationPlatforms) = preSolution
		Debug|Any CPU = Debug|Any CPU
		Release|Any CPU = Release|Any CPU
	EndGlobalSection
	GlobalSection(ProjectConfigurationPlatforms) = postSolution
		{BCD3A9EF-B447-4441-AD48-5FC11C19CC5B}.Debug|Any CPU.ActiveCfg = Debug|Any CPU
		{BCD3A9EF-B447-4441-AD48-5FC11C19CC5B}.Debug|Any CPU.Build.0 = Debug|Any CPU
		{BCD3A9EF-B447-4441-AD48-5FC11C19CC5B}.Release|Any CPU.ActiveCfg = Release|Any CPU
		{BCD3A9EF-B447-4441-AD48-5FC11C19CC5B}.Release|Any CPU.Build.0 = Release|Any CPU
	EndGlobalSection
EndGlobal
